
Microsoft Visual Studio Solution File, Format Version 12.00
# Visual Studio Version 16
VisualStudioVersion = 16.0.31515.178
MinimumVisualStudioVersion = 10.0.40219.1
Project("{FAE04EC0-301F-11D3-BF4B-00C04F79EFBC}") = "medical-clinic-rest-api", "medical-clinic-rest-api\medical-clinic-rest-api.csproj", "{66E347A2-402B-4F8A-B1EF-48DE291EBEF2}"
EndProject
Global
	GlobalSection(SolutionConfigurationPlatforms) = preSolution
		Debug|Any CPU = Debug|Any CPU
		Release|Any CPU = Release|Any CPU
	EndGlobalSection
	GlobalSection(ProjectConfigurationPlatforms) = postSolution
		{66E347A2-402B-4F8A-B1EF-48DE291EBEF2}.Debug|Any CPU.ActiveCfg = Debug|Any CPU
		{66E347A2-402B-4F8A-B1EF-48DE291EBEF2}.Debug|Any CPU.Build.0 = Debug|Any CPU
		{66E347A2-402B-4F8A-B1EF-48DE291EBEF2}.Release|Any CPU.ActiveCfg = Release|Any CPU
		{66E347A2-402B-4F8A-B1EF-48DE291EBEF2}.Release|Any CPU.Build.0 = Release|Any CPU
	EndGlobalSection
	GlobalSection(SolutionProperties) = preSolution
		HideSolutionNode = FALSE
	EndGlobalSection
	GlobalSection(ExtensibilityGlobals) = postSolution
		SolutionGuid = {77F0ACA5-409C-4C16-ABB5-1D758B99139E}
	EndGlobalSection
EndGlobal
